
Microsoft Visual Studio Solution File, Format Version 12.00
# Visual Studio 15
VisualStudioVersion = 15.0.27428.2037
MinimumVisualStudioVersion = 10.0.40219.1
Project("{FAE04EC0-301F-11D3-BF4B-00C04F79EFBC}") = "EventSourcing", "EventSourcing\EventSourcing.csproj", "{935A8DA1-53A6-4995-A838-A27C7F3F73CE}"
EndProject
Project("{FAE04EC0-301F-11D3-BF4B-00C04F79EFBC}") = "EventSourcing.Domain.Orders", "EventSourcing.Domain\EventSourcing.Domain.Orders.csproj", "{12A66248-4F85-4FBB-AA82-5578AB9B7E8C}"
EndProject
Project("{FAE04EC0-301F-11D3-BF4B-00C04F79EFBC}") = "EventSourcing.Domain.Products", "EventSourcing.Domain.Products\EventSourcing.Domain.Products.csproj", "{0C47A0EA-548D-4B8A-A135-F46374CDC720}"
EndProject
Global
	GlobalSection(SolutionConfigurationPlatforms) = preSolution
		Debug|Any CPU = Debug|Any CPU
		Release|Any CPU = Release|Any CPU
	EndGlobalSection
	GlobalSection(ProjectConfigurationPlatforms) = postSolution
		{935A8DA1-53A6-4995-A838-A27C7F3F73CE}.Debug|Any CPU.ActiveCfg = Debug|Any CPU
		{935A8DA1-53A6-4995-A838-A27C7F3F73CE}.Debug|Any CPU.Build.0 = Debug|Any CPU
		{935A8DA1-53A6-4995-A838-A27C7F3F73CE}.Release|Any CPU.ActiveCfg = Release|Any CPU
		{935A8DA1-53A6-4995-A838-A27C7F3F73CE}.Release|Any CPU.Build.0 = Release|Any CPU
		{12A66248-4F85-4FBB-AA82-5578AB9B7E8C}.Debug|Any CPU.ActiveCfg = Debug|Any CPU
		{12A66248-4F85-4FBB-AA82-5578AB9B7E8C}.Debug|Any CPU.Build.0 = Debug|Any CPU
		{12A66248-4F85-4FBB-AA82-5578AB9B7E8C}.Release|Any CPU.ActiveCfg = Release|Any CPU
		{12A66248-4F85-4FBB-AA82-5578AB9B7E8C}.Release|Any CPU.Build.0 = Release|Any CPU
		{0C47A0EA-548D-4B8A-A135-F46374CDC720}.Debug|Any CPU.ActiveCfg = Debug|Any CPU
		{0C47A0EA-548D-4B8A-A135-F46374CDC720}.Debug|Any CPU.Build.0 = Debug|Any CPU
		{0C47A0EA-548D-4B8A-A135-F46374CDC720}.Release|Any CPU.ActiveCfg = Release|Any CPU
		{0C47A0EA-548D-4B8A-A135-F46374CDC720}.Release|Any CPU.Build.0 = Release|Any CPU
	EndGlobalSection
	GlobalSection(SolutionProperties) = preSolution
		HideSolutionNode = FALSE
	EndGlobalSection
	GlobalSection(ExtensibilityGlobals) = postSolution
		SolutionGuid = {36F5D9E7-1989-4AF0-9FB7-E0F0B1694E52}
	EndGlobalSection
EndGlobal
